
Microsoft Visual Studio Solution File, Format Version 12.00
# Visual Studio 2012
Project("{FAE04EC0-301F-11D3-BF4B-00C04F79EFBC}") = "CurrentWeatherInfo", "CurrentWeatherInfo\CurrentWeatherInfo.csproj", "{B5F6526B-860B-4177-9A73-78068D959A50}"
EndProject
Project("{FAE04EC0-301F-11D3-BF4B-00C04F79EFBC}") = "OpenWeatherMapWebServiceClient", "OpenWeatherMapWebServiceClient\OpenWeatherMapWebServiceClient.csproj", "{DE3AD4B2-684C-4679-A5D8-341F958CBBAA}"
EndProject
Project("{FAE04EC0-301F-11D3-BF4B-00C04F79EFBC}") = "FreeGeoIpWebServiceClient", "FreeGeoIpWebServiceClient\FreeGeoIpWebServiceClient.csproj", "{DA57EE2A-665A-489F-A03B-2A4ABFFB5E85}"
EndProject
Project("{FAE04EC0-301F-11D3-BF4B-00C04F79EFBC}") = "FreeGeoIpWebServiceClient.Tests", "FreeGeoIpWebServiceClient.Tests\FreeGeoIpWebServiceClient.Tests.csproj", "{9FCA7E5C-4898-4D31-AA3C-E92BA5ECA6DE}"
EndProject
Global
	GlobalSection(TeamFoundationVersionControl) = preSolution
		SccNumberOfProjects = 5
		SccEnterpriseProvider = {4CA58AB2-18FA-4F8D-95D4-32DDF27D184C}
		SccTeamFoundationServer = https://rudybg.visualstudio.com/defaultcollection
		SccLocalPath0 = .
		SccProjectUniqueName1 = CurrentWeatherInfo\\CurrentWeatherInfo.csproj
		SccProjectName1 = CurrentWeatherInfo
		SccLocalPath1 = CurrentWeatherInfo
		SccProjectUniqueName2 = OpenWeatherMapWebServiceClient\\OpenWeatherMapWebServiceClient.csproj
		SccProjectName2 = OpenWeatherMapWebServiceClient
		SccLocalPath2 = OpenWeatherMapWebServiceClient
		SccProjectUniqueName3 = FreeGeoIpWebServiceClient\\FreeGeoIpWebServiceClient.csproj
		SccProjectName3 = FreeGeoIpWebServiceClient
		SccLocalPath3 = FreeGeoIpWebServiceClient
		SccProjectUniqueName4 = FreeGeoIpWebServiceClient.Tests\\FreeGeoIpWebServiceClient.Tests.csproj
		SccProjectName4 = FreeGeoIpWebServiceClient.Tests
		SccLocalPath4 = FreeGeoIpWebServiceClient.Tests
	EndGlobalSection
	GlobalSection(SolutionConfigurationPlatforms) = preSolution
		Debug|Any CPU = Debug|Any CPU
		Release|Any CPU = Release|Any CPU
	EndGlobalSection
	GlobalSection(ProjectConfigurationPlatforms) = postSolution
		{B5F6526B-860B-4177-9A73-78068D959A50}.Debug|Any CPU.ActiveCfg = Debug|Any CPU
		{B5F6526B-860B-4177-9A73-78068D959A50}.Debug|Any CPU.Build.0 = Debug|Any CPU
		{B5F6526B-860B-4177-9A73-78068D959A50}.Release|Any CPU.ActiveCfg = Release|Any CPU
		{B5F6526B-860B-4177-9A73-78068D959A50}.Release|Any CPU.Build.0 = Release|Any CPU
		{DE3AD4B2-684C-4679-A5D8-341F958CBBAA}.Debug|Any CPU.ActiveCfg = Debug|Any CPU
		{DE3AD4B2-684C-4679-A5D8-341F958CBBAA}.Debug|Any CPU.Build.0 = Debug|Any CPU
		{DE3AD4B2-684C-4679-A5D8-341F958CBBAA}.Release|Any CPU.ActiveCfg = Release|Any CPU
		{DE3AD4B2-684C-4679-A5D8-341F958CBBAA}.Release|Any CPU.Build.0 = Release|Any CPU
		{DA57EE2A-665A-489F-A03B-2A4ABFFB5E85}.Debug|Any CPU.ActiveCfg = Debug|Any CPU
		{DA57EE2A-665A-489F-A03B-2A4ABFFB5E85}.Debug|Any CPU.Build.0 = Debug|Any CPU
		{DA57EE2A-665A-489F-A03B-2A4ABFFB5E85}.Release|Any CPU.ActiveCfg = Release|Any CPU
		{DA57EE2A-665A-489F-A03B-2A4ABFFB5E85}.Release|Any CPU.Build.0 = Release|Any CPU
		{9FCA7E5C-4898-4D31-AA3C-E92BA5ECA6DE}.Debug|Any CPU.ActiveCfg = Debug|Any CPU
		{9FCA7E5C-4898-4D31-AA3C-E92BA5ECA6DE}.Debug|Any CPU.Build.0 = Debug|Any CPU
		{9FCA7E5C-4898-4D31-AA3C-E92BA5ECA6DE}.Release|Any CPU.ActiveCfg = Release|Any CPU
		{9FCA7E5C-4898-4D31-AA3C-E92BA5ECA6DE}.Release|Any CPU.Build.0 = Release|Any CPU
	EndGlobalSection
	GlobalSection(SolutionProperties) = preSolution
		HideSolutionNode = FALSE
	EndGlobalSection
EndGlobal
